
Microsoft Visual Studio Solution File, Format Version 12.00
# Visual Studio Version 16
VisualStudioVersion = 16.0.30503.244
MinimumVisualStudioVersion = 10.0.40219.1
Project("{8BC9CEB8-8B4A-11D0-8D11-00A0C91BC942}") = "term Project", "term Project\term Project.vcxproj", "{D7456BAD-C954-4F99-813A-EF3646E79BCE}"
EndProject
Global
	GlobalSection(SolutionConfigurationPlatforms) = preSolution
		Debug|x64 = Debug|x64
		Debug|x86 = Debug|x86
		Release|x64 = Release|x64
		Release|x86 = Release|x86
	EndGlobalSection
	GlobalSection(ProjectConfigurationPlatforms) = postSolution
		{D7456BAD-C954-4F99-813A-EF3646E79BCE}.Debug|x64.ActiveCfg = Debug|x64
		{D7456BAD-C954-4F99-813A-EF3646E79BCE}.Debug|x64.Build.0 = Debug|x64
		{D7456BAD-C954-4F99-813A-EF3646E79BCE}.Debug|x86.ActiveCfg = Debug|Win32
		{D7456BAD-C954-4F99-813A-EF3646E79BCE}.Debug|x86.Build.0 = Debug|Win32
		{D7456BAD-C954-4F99-813A-EF3646E79BCE}.Release|x64.ActiveCfg = Release|x64
		{D7456BAD-C954-4F99-813A-EF3646E79BCE}.Release|x64.Build.0 = Release|x64
		{D7456BAD-C954-4F99-813A-EF3646E79BCE}.Release|x86.ActiveCfg = Release|Win32
		{D7456BAD-C954-4F99-813A-EF3646E79BCE}.Release|x86.Build.0 = Release|Win32
	EndGlobalSection
	GlobalSection(SolutionProperties) = preSolution
		HideSolutionNode = FALSE
	EndGlobalSection
	GlobalSection(ExtensibilityGlobals) = postSolution
		SolutionGuid = {7EBCFE7B-9203-45EB-B1EC-C975F429D2AF}
	EndGlobalSection
EndGlobal
